github.com/otfabric/go-cotp v0.1.4 h1:lkYlhFkDaBklhdSMMEc2t+kEJvuMvrqT0ZF8Ixk/K7c=
github.com/otfabric/go-cotp v0.1.4/go.mod h1:z9UzirfPHOVrjY9+aAjs2VHclcwzOCp+J4WB/lRu3EA=
github.com/otfabric/go-tpkt v0.1.2 h1:zx73ACm/SCwymjP/mMN2bUQavIcB1azi3WXB/ITyoW8=
github.com/otfabric/go-tpkt v0.1.2/go.mod h1:9d3Ydrkerj5OTQQ9KZ12rgkpR4lU/9ULoTOYlijGsLE=
